// !$*UTF8*$!
{
	archiveVersion = 1;
	classes = {
	};
	objectVersion = 46;
	objects = {

/* Begin PBXBuildFile section */
		ED19502C1C808F480073D8F7 /* AppDelegate.swift in Sources */ = {isa = PBXBuildFile; fileRef = ED19502B1C808F480073D8F7 /* AppDelegate.swift */; };
		ED1950311C808F480073D8F7 /* Main.storyboard in Resources */ = {isa = PBXBuildFile; fileRef = ED19502F1C808F480073D8F7 /* Main.storyboard */; };
		ED1950331C808F480073D8F7 /* Assets.xcassets in Resources */ = {isa = PBXBuildFile; fileRef = ED1950321C808F480073D8F7 /* Assets.xcassets */; };
		ED1950361C808F480073D8F7 /* LaunchScreen.storyboard in Resources */ = {isa = PBXBuildFile; fileRef = ED1950341C808F480073D8F7 /* LaunchScreen.storyboard */; };
		ED1950401C80903F0073D8F7 /* DetailViewController.swift in Sources */ = {isa = PBXBuildFile; fileRef = ED19503F1C80903F0073D8F7 /* DetailViewController.swift */; };
		ED1950421C80905C0073D8F7 /* MasterViewController.swift in Sources */ = {isa = PBXBuildFile; fileRef = ED1950411C80905C0073D8F7 /* MasterViewController.swift */; };
		ED1950441C8090700073D8F7 /* Libro.swift in Sources */ = {isa = PBXBuildFile; fileRef = ED1950431C8090700073D8F7 /* Libro.swift */; };
/* End PBXBuildFile section */

/* Begin PBXFileReference section */
		ED1950281C808F480073D8F7 /* FindISBN.app */ = {isa = PBXFileReference; explicitFileType = wrapper.application; includeInIndex = 0; path = FindISBN.app; sourceTree = BUILT_PRODUCTS_DIR; };
		ED19502B1C808F480073D8F7 /* AppDelegate.swift */ = {isa = PBXFileReference; lastKnownFileType = sourcecode.swift; path = AppDelegate.swift; sourceTree = "<group>"; };
		ED1950301C808F480073D8F7 /* Base */ = {isa = PBXFileReference; lastKnownFileType = file.storyboard; name = Base; path = Base.lproj/Main.storyboard; sourceTree = "<group>"; };
		ED1950321C808F480073D8F7 /* Assets.xcassets */ = {isa = PBXFileReference; lastKnownFileType = folder.assetcatalog; path = Assets.xcassets; sourceTree = "<group>"; };
		ED1950351C808F480073D8F7 /* Base */ = {isa = PBXFileReference; lastKnownFileType = file.storyboard; name = Base; path = Base.lproj/LaunchScreen.storyboard; sourceTree = "<group>"; };
		ED1950371C808F480073D8F7 /* Info.plist */ = {isa = PBXFileReference; lastKnownFileType = text.plist.xml; path = Info.plist; sourceTree = "<group>"; };
		ED19503F1C80903F0073D8F7 /* DetailViewController.swift */ = {isa = PBXFileReference; fileEncoding = 4; lastKnownFileType = sourcecode.swift; path = DetailViewController.swift; sourceTree = "<group>"; };
		ED1950411C80905C0073D8F7 /* MasterViewController.swift */ = {isa = PBXFileReference; fileEncoding = 4; lastKnownFileType = sourcecode.swift; path = MasterViewController.swift; sourceTree = "<group>"; };
		ED1950431C8090700073D8F7 /* Libro.swift */ = {isa = PBXFileReference; fileEncoding = 4; lastKnownFileType = sourcecode.swift; path = Libro.swift; sourceTree = "<group>"; };
/* End PBXFileReference section */

/* Begin PBXFrameworksBuildPhase section */
		ED1950251C808F480073D8F7 /* Frameworks */ = {
			isa = PBXFrameworksBuildPhase;
			buildActionMask = 2147483647;
			files = (
			);
			runOnlyForDeploymentPostprocessing = 0;
		};
/* End PBXFrameworksBuildPhase section */

/* Begin PBXGroup section */
		ED19501F1C808F480073D8F7 = {
			isa = PBXGroup;
			children = (
				ED19502A1C808F480073D8F7 /* FindISBN */,
				ED1950291C808F480073D8F7 /* Products */,
			);
			sourceTree = "<group>";
		};
		ED1950291C808F480073D8F7 /* Products */ = {
			isa = PBXGroup;
			children = (
				ED1950281C808F480073D8F7 /* FindISBN.app */,
			);
			name = Products;
			sourceTree = "<group>";
		};
		ED19502A1C808F480073D8F7 /* FindISBN */ = {
			isa = PBXGroup;
			children = (
				ED19502B1C808F480073D8F7 /* AppDelegate.swift */,
				ED19502F1C808F480073D8F7 /* Main.storyboard */,
				ED1950321C808F480073D8F7 /* Assets.xcassets */,
				ED1950341C808F480073D8F7 /* LaunchScreen.storyboard */,
				ED1950371C808F480073D8F7 /* Info.plist */,
				ED19503F1C80903F0073D8F7 /* DetailViewController.swift */,
				ED1950411C80905C0073D8F7 /* MasterViewController.swift */,
				ED1950431C8090700073D8F7 /* Libro.swift */,
			);
			path = FindISBN;
			sourceTree = "<group>";
		};
/* End PBXGroup section */

/* Begin PBXNativeTarget section */
		ED1950271C808F480073D8F7 /* FindISBN */ = {
			isa = PBXNativeTarget;
			buildConfigurationList = ED19503A1C808F480073D8F7 /* Build configuration list for PBXNativeTarget "FindISBN" */;
			buildPhases = (
				ED1950241C808F480073D8F7 /* Sources */,
				ED1950251C808F480073D8F7 /* Frameworks */,
				ED1950261C808F480073D8F7 /* Resources */,
			);
			buildRules = (
			);
			dependencies = (
			);
			name = FindISBN;
			productName = FindISBN;
			productReference = ED1950281C808F480073D8F7 /* FindISBN.app */;
			productType = "com.apple.product-type.application";
		};
/* End PBXNativeTarget section */

/* Begin PBXProject section */
		ED1950201C808F480073D8F7 /* Project object */ = {
			isa = PBXProject;
			attributes = {
				LastSwiftUpdateCheck = 0720;
				LastUpgradeCheck = 0720;
				ORGANIZATIONNAME = "Fernando Renteria";
				TargetAttributes = {
					ED1950271C808F480073D8F7 = {
						CreatedOnToolsVersion = 7.2;
					};
				};
			};
			buildConfigurationList = ED1950231C808F480073D8F7 /* Build configuration list for PBXProject "FindISBN" */;
			compatibilityVersion = "Xcode 3.2";
			developmentRegion = English;
			hasScannedForEncodings = 0;
			knownRegions = (
				en,
				Base,
			);
			mainGroup = ED19501F1C808F480073D8F7;
			productRefGroup = ED1950291C808F480073D8F7 /* Products */;
			projectDirPath = "";
			projectRoot = "";
			targets = (
				ED1950271C808F480073D8F7 /* FindISBN */,
			);
		};
/* End PBXProject section */

/* Begin PBXResourcesBuildPhase section */
		ED1950261C808F480073D8F7 /* Resources */ = {
			isa = PBXResourcesBuildPhase;
			buildActionMask = 2147483647;
			files = (
				ED1950361C808F480073D8F7 /* LaunchScreen.storyboard in Resources */,
				ED1950331C808F480073D8F7 /* Assets.xcassets in Resources */,
				ED1950311C808F480073D8F7 /* Main.storyboard in Resources */,
			);
			runOnlyForDeploymentPostprocessing = 0;
		};
/* End PBXResourcesBuildPhase section */

/* Begin PBXSourcesBuildPhase section */
		ED1950241C808F480073D8F7 /* Sources */ = {
			isa = PBXSourcesBuildPhase;
			buildActionMask = 2147483647;
			files = (
				ED19502C1C808F480073D8F7 /* AppDelegate.swift in Sources */,
				ED1950401C80903F0073D8F7 /* DetailViewController.swift in Sources */,
				ED1950441C8090700073D8F7 /* Libro.swift in Sources */,
				ED1950421C80905C0073D8F7 /* MasterViewController.swift in Sources */,
			);
			runOnlyForDeploymentPostprocessing = 0;
		};
/* End PBXSourcesBuildPhase section */

/* Begin PBXVariantGroup section */
		ED19502F1C808F480073D8F7 /* Main.storyboard */ = {
			isa = PBXVariantGroup;
			children = (
				ED1950301C808F480073D8F7 /* Base */,
			);
			name = Main.storyboard;
			sourceTree = "<group>";
		};
		ED1950341C808F480073D8F7 /* LaunchScreen.storyboard */ = {
			isa = PBXVariantGroup;
			children = (
				ED1950351C808F480073D8F7 /* Base */,
			);
			name = LaunchScreen.storyboard;
			sourceTree = "<group>";
		};
/* End PBXVariantGroup section */

/* Begin XCBuildConfiguration section */
		ED1950381C808F480073D8F7 /* Debug */ = {
			isa = XCBuildConfiguration;
			buildSettings = {
				ALWAYS_SEARCH_USER_PATHS = NO;
				CLANG_CXX_LANGUAGE_STANDARD = "gnu++0x";
				CLANG_CXX_LIBRARY = "libc++";
				CLANG_ENABLE_MODULES = YES;
				CLANG_ENABLE_OBJC_ARC = YES;
				CLANG_WARN_BOOL_CONVERSION = YES;
				CLANG_WARN_CONSTANT_CONVERSION = YES;
				CLANG_WARN_DIRECT_OBJC_ISA_USAGE = YES_ERROR;
				CLANG_WARN_EMPTY_BODY = YES;
				CLANG_WARN_ENUM_CONVERSION = YES;
				CLANG_WARN_INT_CONVERSION = YES;
				CLANG_WARN_OBJC_ROOT_CLASS = YES_ERROR;
				CLANG_WARN_UNREACHABLE_CODE = YES;
				CLANG_WARN__DUPLICATE_METHOD_MATCH = YES;
				"CODE_SIGN_IDENTITY[sdk=iphoneos*]" = "iPhone Developer";
				COPY_PHASE_STRIP = NO;
				DEBUG_INFORMATION_FORMAT = dwarf;
				ENABLE_STRICT_OBJC_MSGSEND = YES;
				ENABLE_TESTABILITY = YES;
				GCC_C_LANGUAGE_STANDARD = gnu99;
				GCC_DYNAMIC_NO_PIC = NO;
				GCC_NO_COMMON_BLOCKS = YES;
				GCC_OPTIMIZATION_LEVEL = 0;
				GCC_PREPROCESSOR_DEFINITIONS = (
					"DEBUG=1",
					"$(inherited)",
				);
				GCC_WARN_64_TO_32_BIT_CONVERSION = YES;
				GCC_WARN_ABOUT_RETURN_TYPE = YES_ERROR;
				GCC_WARN_UNDECLARED_SELECTOR = YES;
				GCC_WARN_UNINITIALIZED_AUTOS = YES_AGGRESSIVE;
				GCC_WARN_UNUSED_FUNCTION = YES;
				GCC_WARN_UNUSED_VARIABLE = YES;
				IPHONEOS_DEPLOYMENT_TARGET = 9.2;
				MTL_ENABLE_DEBUG_INFO = YES;
				ONLY_ACTIVE_ARCH = YES;
				SDKROOT = iphoneos;
				SWIFT_OPTIMIZATION_LEVEL = "-Onone";
				TARGETED_DEVICE_FAMILY = "1,2";
			};
			name = Debug;
		};
		ED1950391C808F480073D8F7 /* Release */ = {
			isa = XCBuildConfiguration;
			buildSettings = {
				ALWAYS_SEARCH_USER_PATHS = NO;
				CLANG_CXX_LANGUAGE_STANDARD = "gnu++0x";
				CLANG_CXX_LIBRARY = "libc++";
				CLANG_ENABLE_MODULES = YES;
				CLANG_ENABLE_OBJC_ARC = YES;
				CLANG_WARN_BOOL_CONVERSION = YES;
				CLANG_WARN_CONSTANT_CONVERSION = YES;
				CLANG_WARN_DIRECT_OBJC_ISA_USAGE = YES_ERROR;
				CLANG_WARN_EMPTY_BODY = YES;
				CLANG_WARN_ENUM_CONVERSION = YES;
				CLANG_WARN_INT_CONVERSION = YES;
				CLANG_WARN_OBJC_ROOT_CLASS = YES_ERROR;
				CLANG_WARN_UNREACHABLE_CODE = YES;
				CLANG_WARN__DUPLICATE_METHOD_MATCH = YES;
				"CODE_SIGN_IDENTITY[sdk=iphoneos*]" = "iPhone Developer";
				COPY_PHASE_STRIP = NO;
				DEBUG_INFORMATION_FORMAT = "dwarf-with-dsym";
				ENABLE_NS_ASSERTIONS = NO;
				ENABLE_STRICT_OBJC_MSGSEND = YES;
				GCC_C_LANGUAGE_STANDARD = gnu99;
				GCC_NO_COMMON_BLOCKS = YES;
				GCC_WARN_64_TO_32_BIT_CONVERSION = YES;
				GCC_WARN_ABOUT_RETURN_TYPE = YES_ERROR;
				GCC_WARN_UNDECLARED_SELECTOR = YES;
				GCC_WARN_UNINITIALIZED_AUTOS = YES_AGGRESSIVE;
				GCC_WARN_UNUSED_FUNCTION = YES;
				GCC_WARN_UNUSED_VARIABLE = YES;
				IPHONEOS_DEPLOYMENT_TARGET = 9.2;
				MTL_ENABLE_DEBUG_INFO = NO;
				SDKROOT = iphoneos;
				TARGETED_DEVICE_FAMILY = "1,2";
				VALIDATE_PRODUCT = YES;
			};
			name = Release;
		};
		ED19503B1C808F480073D8F7 /* Debug */ = {
			isa = XCBuildConfiguration;
			buildSettings = {
				ASSETCATALOG_COMPILER_APPICON_NAME = AppIcon;
				INFOPLIST_FILE = FindISBN/Info.plist;
				LD_RUNPATH_SEARCH_PATHS = "$(inherited) @executable_path/Frameworks";
				PRODUCT_BUNDLE_IDENTIFIER = com.au.klunx.FindISBN;
				PRODUCT_NAME = "$(TARGET_NAME)";
			};
			name = Debug;
		};
		ED19503C1C808F480073D8F7 /* Release */ = {
			isa = XCBuildConfiguration;
			buildSettings = {
				ASSETCATALOG_COMPILER_APPICON_NAME = AppIcon;
				INFOPLIST_FILE = FindISBN/Info.plist;
				LD_RUNPATH_SEARCH_PATHS = "$(inherited) @executable_path/Frameworks";
				PRODUCT_BUNDLE_IDENTIFIER = com.au.klunx.FindISBN;
				PRODUCT_NAME = "$(TARGET_NAME)";
			};
			name = Release;
		};
/* End XCBuildConfiguration section */

/* Begin XCConfigurationList section */
		ED1950231C808F480073D8F7 /* Build configuration list for PBXProject "FindISBN" */ = {
			isa = XCConfigurationList;
			buildConfigurations = (
				ED1950381C808F480073D8F7 /* Debug */,
				ED1950391C808F480073D8F7 /* Release */,
			);
			defaultConfigurationIsVisible = 0;
			defaultConfigurationName = Release;
		};
		ED19503A1C808F480073D8F7 /* Build configuration list for PBXNativeTarget "FindISBN" */ = {
			isa = XCConfigurationList;
			buildConfigurations = (
				ED19503B1C808F480073D8F7 /* Debug */,
				ED19503C1C808F480073D8F7 /* Release */,
			);
			defaultConfigurationIsVisible = 0;
			defaultConfigurationName = Release;
		};
/* End XCConfigurationList section */
	};
	rootObject = ED1950201C808F480073D8F7 /* Project object */;
}
